golang.org/x/sys v0.0.0-20210301091718-77cc2087c03b/go.mod h1:h1NjWce9XRLGQEsW7wpKNCjG9DtNlClVuFLEZdDNbEs=
golang.org/x/sys v0.1.0 h1:kunALQeHf1/185U1i0GOB/fy1IPRDDpuoOOqRReG57U=
golang.org/x/sys v0.1.0/go.mod h1:oPkhp1MJrh7nUepCBck5+mAzfO9JrbApNNgaTdGDITg=
inet.af/peercred v0.0.0-20210906144145-0893ea02156a h1:qdkS8Q5/i10xU2ArJMKYhVa1DORzBfYS/qA2UK2jheg=
inet.af/peercred v0.0.0-20210906144145-0893ea02156a/go.mod h1:FjawnflS/udxX+SvpsMgZfdqx2aykOlkISeAsADi5IU=
